// !$*UTF8*$!
{
	archiveVersion = 1;
	classes = {
	};
	objectVersion = 77;
	objects = {

/* Begin PBXBuildFile section */
		30248696E67240B3C05804E8 /* RealtimeWebBridge.swift in Sources */ = {isa = PBXBuildFile; fileRef = 673814A6B3F6AF99F63CE46C /* RealtimeWebBridge.swift */; };
		359B9488562BE90579E39899 /* AppViewModel.swift in Sources */ = {isa = PBXBuildFile; fileRef = E63FBD596FC2031E285BDD70 /* AppViewModel.swift */; };
		3854A94263254CFBF329CB3B /* PresenterWindow.swift in Sources */ = {isa = PBXBuildFile; fileRef = DC7B0E2124320E2E704B08DB /* PresenterWindow.swift */; };
		4E11D6B3C22ED5DBF3F8BB9F /* PresentationModels.swift in Sources */ = {isa = PBXBuildFile; fileRef = 7A7DDDD6F6CA2184B45FABAD /* PresentationModels.swift */; };
		527D5CF3B11843666394CBA2 /* SlideCommand.swift in Sources */ = {isa = PBXBuildFile; fileRef = 3A64E77C8CFD8521357D15B6 /* SlideCommand.swift */; };
		551BE548B142CB557E79D082 /* AutoPresenterApp.swift in Sources */ = {isa = PBXBuildFile; fileRef = 36DD5B940AF001B29F7255BD /* AutoPresenterApp.swift */; };
		6AB8DE148E687B5F99CB472E /* ContentView.swift in Sources */ = {isa = PBXBuildFile; fileRef = AA022A25C7397D5E115B8FB6 /* ContentView.swift */; };
		B4BA98B62F729709AB864C68 /* OpenAIRealtimeTokenService.swift in Sources */ = {isa = PBXBuildFile; fileRef = E67A4BB2B9B97D6DB1093228 /* OpenAIRealtimeTokenService.swift */; };
		C1D2E3F40516273849A5B6C7 /* RealtimeWebViewHostWindow.swift in Sources */ = {isa = PBXBuildFile; fileRef = D1E2F30415263748A9B5C6D7 /* RealtimeWebViewHostWindow.swift */; };
		C5CA1CC93AD0671333AC73A2 /* RealtimeWebView.swift in Sources */ = {isa = PBXBuildFile; fileRef = 979151427032FD08DB4317BB /* RealtimeWebView.swift */; };
		D11959C722627409D682A8C1 /* CommandSafetyGate.swift in Sources */ = {isa = PBXBuildFile; fileRef = 92D9AE30C32FCD09B7411AEA /* CommandSafetyGate.swift */; };
		D93474E9906732722F208D66 /* AppSettings.swift in Sources */ = {isa = PBXBuildFile; fileRef = 56BEB7603582D39D2FC92F4F /* AppSettings.swift */; };
		F9A3B4A9D6E95A6986207367 /* SafetyGateSettingsView.swift in Sources */ = {isa = PBXBuildFile; fileRef = 325DC08317C1869106D99182 /* SafetyGateSettingsView.swift */; };
/* End PBXBuildFile section */

/* Begin PBXFileReference section */
		0857895784714A3EA3759EFD /* AutoPresenter.app */ = {isa = PBXFileReference; explicitFileType = wrapper.application; includeInIndex = 0; path = AutoPresenter.app; sourceTree = BUILT_PRODUCTS_DIR; };
		325DC08317C1869106D99182 /* SafetyGateSettingsView.swift */ = {isa = PBXFileReference; lastKnownFileType = sourcecode.swift; path = SafetyGateSettingsView.swift; sourceTree = "<group>"; };
		36DD5B940AF001B29F7255BD /* AutoPresenterApp.swift */ = {isa = PBXFileReference; lastKnownFileType = sourcecode.swift; path = AutoPresenterApp.swift; sourceTree = "<group>"; };
		3A64E77C8CFD8521357D15B6 /* SlideCommand.swift */ = {isa = PBXFileReference; lastKnownFileType = sourcecode.swift; path = SlideCommand.swift; sourceTree = "<group>"; };
		56BEB7603582D39D2FC92F4F /* AppSettings.swift */ = {isa = PBXFileReference; lastKnownFileType = sourcecode.swift; path = AppSettings.swift; sourceTree = "<group>"; };
		673814A6B3F6AF99F63CE46C /* RealtimeWebBridge.swift */ = {isa = PBXFileReference; lastKnownFileType = sourcecode.swift; path = RealtimeWebBridge.swift; sourceTree = "<group>"; };
		7A7DDDD6F6CA2184B45FABAD /* PresentationModels.swift */ = {isa = PBXFileReference; lastKnownFileType = sourcecode.swift; path = PresentationModels.swift; sourceTree = "<group>"; };
		92D9AE30C32FCD09B7411AEA /* CommandSafetyGate.swift */ = {isa = PBXFileReference; lastKnownFileType = sourcecode.swift; path = CommandSafetyGate.swift; sourceTree = "<group>"; };
		979151427032FD08DB4317BB /* RealtimeWebView.swift */ = {isa = PBXFileReference; lastKnownFileType = sourcecode.swift; path = RealtimeWebView.swift; sourceTree = "<group>"; };
		AA022A25C7397D5E115B8FB6 /* ContentView.swift */ = {isa = PBXFileReference; lastKnownFileType = sourcecode.swift; path = ContentView.swift; sourceTree = "<group>"; };
		D1E2F30415263748A9B5C6D7 /* RealtimeWebViewHostWindow.swift */ = {isa = PBXFileReference; lastKnownFileType = sourcecode.swift; path = RealtimeWebViewHostWindow.swift; sourceTree = "<group>"; };
		DC7B0E2124320E2E704B08DB /* PresenterWindow.swift */ = {isa = PBXFileReference; lastKnownFileType = sourcecode.swift; path = PresenterWindow.swift; sourceTree = "<group>"; };
		E63FBD596FC2031E285BDD70 /* AppViewModel.swift */ = {isa = PBXFileReference; lastKnownFileType = sourcecode.swift; path = AppViewModel.swift; sourceTree = "<group>"; };
		E67A4BB2B9B97D6DB1093228 /* OpenAIRealtimeTokenService.swift */ = {isa = PBXFileReference; lastKnownFileType = sourcecode.swift; path = OpenAIRealtimeTokenService.swift; sourceTree = "<group>"; };
/* End PBXFileReference section */

/* Begin PBXGroup section */
		20335D92A8444C3AEF34E87C /* Models */ = {
			isa = PBXGroup;
			children = (
				7A7DDDD6F6CA2184B45FABAD /* PresentationModels.swift */,
				3A64E77C8CFD8521357D15B6 /* SlideCommand.swift */,
			);
			path = Models;
			sourceTree = "<group>";
		};
		3ADBC5111671C7364D94131E /* Views */ = {
			isa = PBXGroup;
			children = (
				AA022A25C7397D5E115B8FB6 /* ContentView.swift */,
				DC7B0E2124320E2E704B08DB /* PresenterWindow.swift */,
				979151427032FD08DB4317BB /* RealtimeWebView.swift */,
				325DC08317C1869106D99182 /* SafetyGateSettingsView.swift */,
			);
			path = Views;
			sourceTree = "<group>";
		};
		52217B819FCFADFC3C75960D = {
			isa = PBXGroup;
			children = (
				70DFFE97F25AA9DAB752FDF1 /* Sources */,
				6AB46EBE1191186DDB7A5528 /* Products */,
			);
			sourceTree = "<group>";
		};
		66BBE4705B45BCC7FA211F30 /* ViewModels */ = {
			isa = PBXGroup;
			children = (
				56BEB7603582D39D2FC92F4F /* AppSettings.swift */,
				E63FBD596FC2031E285BDD70 /* AppViewModel.swift */,
			);
			path = ViewModels;
			sourceTree = "<group>";
		};
		6AB46EBE1191186DDB7A5528 /* Products */ = {
			isa = PBXGroup;
			children = (
				0857895784714A3EA3759EFD /* AutoPresenter.app */,
			);
			name = Products;
			sourceTree = "<group>";
		};
		70DFFE97F25AA9DAB752FDF1 /* Sources */ = {
			isa = PBXGroup;
			children = (
				AE7791E7E1332333D10BAC3D /* App */,
				20335D92A8444C3AEF34E87C /* Models */,
				7F3837E2960B423E91FC5134 /* Services */,
				66BBE4705B45BCC7FA211F30 /* ViewModels */,
				3ADBC5111671C7364D94131E /* Views */,
			);
			name = Sources;
			path = AutoPresenter/Sources;
			sourceTree = "<group>";
		};
		7F3837E2960B423E91FC5134 /* Services */ = {
			isa = PBXGroup;
			children = (
				92D9AE30C32FCD09B7411AEA /* CommandSafetyGate.swift */,
				E67A4BB2B9B97D6DB1093228 /* OpenAIRealtimeTokenService.swift */,
				673814A6B3F6AF99F63CE46C /* RealtimeWebBridge.swift */,
				D1E2F30415263748A9B5C6D7 /* RealtimeWebViewHostWindow.swift */,
			);
			path = Services;
			sourceTree = "<group>";
		};
		AE7791E7E1332333D10BAC3D /* App */ = {
			isa = PBXGroup;
			children = (
				36DD5B940AF001B29F7255BD /* AutoPresenterApp.swift */,
			);
			path = App;
			sourceTree = "<group>";
		};
/* End PBXGroup section */

/* Begin PBXNativeTarget section */
		FCEA3D8F97BFE609FEA8D792 /* AutoPresenter */ = {
			isa = PBXNativeTarget;
			buildConfigurationList = 50DF44832E5BE0C93A4A2CF3 /* Build configuration list for PBXNativeTarget "AutoPresenter" */;
			buildPhases = (
				43E0CF9420C3C15E7DCA8387 /* Sources */,
			);
			buildRules = (
			);
			dependencies = (
			);
			name = AutoPresenter;
			packageProductDependencies = (
			);
			productName = AutoPresenter;
			productReference = 0857895784714A3EA3759EFD /* AutoPresenter.app */;
			productType = "com.apple.product-type.application";
		};
/* End PBXNativeTarget section */

/* Begin PBXProject section */
		869133C3D0FE247CE6DE45CB /* Project object */ = {
			isa = PBXProject;
			attributes = {
				BuildIndependentTargetsInParallel = YES;
				LastUpgradeCheck = 1430;
				TargetAttributes = {
					FCEA3D8F97BFE609FEA8D792 = {
						ProvisioningStyle = Automatic;
					};
				};
			};
			buildConfigurationList = B7A0BF593C096D2841EC8F26 /* Build configuration list for PBXProject "AutoPresenter" */;
			compatibilityVersion = "Xcode 14.0";
			developmentRegion = en;
			hasScannedForEncodings = 0;
			knownRegions = (
				Base,
				en,
			);
			mainGroup = 52217B819FCFADFC3C75960D;
			minimizedProjectReferenceProxies = 1;
			preferredProjectObjectVersion = 77;
			projectDirPath = "";
			projectRoot = "";
			targets = (
				FCEA3D8F97BFE609FEA8D792 /* AutoPresenter */,
			);
		};
/* End PBXProject section */

/* Begin PBXSourcesBuildPhase section */
		43E0CF9420C3C15E7DCA8387 /* Sources */ = {
			isa = PBXSourcesBuildPhase;
			buildActionMask = 2147483647;
			files = (
				D93474E9906732722F208D66 /* AppSettings.swift in Sources */,
				359B9488562BE90579E39899 /* AppViewModel.swift in Sources */,
				551BE548B142CB557E79D082 /* AutoPresenterApp.swift in Sources */,
				D11959C722627409D682A8C1 /* CommandSafetyGate.swift in Sources */,
				6AB8DE148E687B5F99CB472E /* ContentView.swift in Sources */,
				B4BA98B62F729709AB864C68 /* OpenAIRealtimeTokenService.swift in Sources */,
				4E11D6B3C22ED5DBF3F8BB9F /* PresentationModels.swift in Sources */,
				3854A94263254CFBF329CB3B /* PresenterWindow.swift in Sources */,
				30248696E67240B3C05804E8 /* RealtimeWebBridge.swift in Sources */,
				C1D2E3F40516273849A5B6C7 /* RealtimeWebViewHostWindow.swift in Sources */,
				C5CA1CC93AD0671333AC73A2 /* RealtimeWebView.swift in Sources */,
				F9A3B4A9D6E95A6986207367 /* SafetyGateSettingsView.swift in Sources */,
				527D5CF3B11843666394CBA2 /* SlideCommand.swift in Sources */,
			);
			runOnlyForDeploymentPostprocessing = 0;
		};
/* End PBXSourcesBuildPhase section */

/* Begin XCBuildConfiguration section */
		04A6BFDD1E120F9CE88EEF71 /* Release */ = {
			isa = XCBuildConfiguration;
			buildSettings = {
				ASSETCATALOG_COMPILER_APPICON_NAME = AppIcon;
				CODE_SIGN_STYLE = Automatic;
				COMBINE_HIDPI_IMAGES = YES;
				INFOPLIST_FILE = AutoPresenter/Resources/Info.plist;
				LD_RUNPATH_SEARCH_PATHS = (
					"$(inherited)",
					"@executable_path/../Frameworks",
				);
				MACOSX_DEPLOYMENT_TARGET = 14.0;
				PRODUCT_BUNDLE_IDENTIFIER = com.ap.autopresenter;
				SDKROOT = macosx;
			};
			name = Release;
		};
		C330D4B4984C48218E1B105B /* Debug */ = {
			isa = XCBuildConfiguration;
			buildSettings = {
				ASSETCATALOG_COMPILER_APPICON_NAME = AppIcon;
				CODE_SIGN_STYLE = Automatic;
				COMBINE_HIDPI_IMAGES = YES;
				INFOPLIST_FILE = AutoPresenter/Resources/Info.plist;
				LD_RUNPATH_SEARCH_PATHS = (
					"$(inherited)",
					"@executable_path/../Frameworks",
				);
				MACOSX_DEPLOYMENT_TARGET = 14.0;
				PRODUCT_BUNDLE_IDENTIFIER = com.ap.autopresenter;
				SDKROOT = macosx;
			};
			name = Debug;
		};
		EFDF93E1C25BD3E13DBAC109 /* Release */ = {
			isa = XCBuildConfiguration;
			buildSettings = {
				ALWAYS_SEARCH_USER_PATHS = NO;
				CLANG_ANALYZER_NONNULL = YES;
				CLANG_ANALYZER_NUMBER_OBJECT_CONVERSION = YES_AGGRESSIVE;
				CLANG_CXX_LANGUAGE_STANDARD = "gnu++14";
				CLANG_CXX_LIBRARY = "libc++";
				CLANG_ENABLE_MODULES = YES;
				CLANG_ENABLE_OBJC_ARC = YES;
				CLANG_ENABLE_OBJC_WEAK = YES;
				CLANG_WARN_BLOCK_CAPTURE_AUTORELEASING = YES;
				CLANG_WARN_BOOL_CONVERSION = YES;
				CLANG_WARN_COMMA = YES;
				CLANG_WARN_CONSTANT_CONVERSION = YES;
				CLANG_WARN_DEPRECATED_OBJC_IMPLEMENTATIONS = YES;
				CLANG_WARN_DIRECT_OBJC_ISA_USAGE = YES_ERROR;
				CLANG_WARN_DOCUMENTATION_COMMENTS = YES;
				CLANG_WARN_EMPTY_BODY = YES;
				CLANG_WARN_ENUM_CONVERSION = YES;
				CLANG_WARN_INFINITE_RECURSION = YES;
				CLANG_WARN_INT_CONVERSION = YES;
				CLANG_WARN_NON_LITERAL_NULL_CONVERSION = YES;
				CLANG_WARN_OBJC_IMPLICIT_RETAIN_SELF = YES;
				CLANG_WARN_OBJC_LITERAL_CONVERSION = YES;
				CLANG_WARN_OBJC_ROOT_CLASS = YES_ERROR;
				CLANG_WARN_QUOTED_INCLUDE_IN_FRAMEWORK_HEADER = YES;
				CLANG_WARN_RANGE_LOOP_ANALYSIS = YES;
				CLANG_WARN_STRICT_PROTOTYPES = YES;
				CLANG_WARN_SUSPICIOUS_MOVE = YES;
				CLANG_WARN_UNGUARDED_AVAILABILITY = YES_AGGRESSIVE;
				CLANG_WARN_UNREACHABLE_CODE = YES;
				CLANG_WARN__DUPLICATE_METHOD_MATCH = YES;
				COPY_PHASE_STRIP = NO;
				DEBUG_INFORMATION_FORMAT = "dwarf-with-dsym";
				ENABLE_NS_ASSERTIONS = NO;
				ENABLE_STRICT_OBJC_MSGSEND = YES;
				GCC_C_LANGUAGE_STANDARD = gnu11;
				GCC_NO_COMMON_BLOCKS = YES;
				GCC_TREAT_WARNINGS_AS_ERRORS = YES;
				GCC_WARN_64_TO_32_BIT_CONVERSION = YES;
				GCC_WARN_ABOUT_RETURN_TYPE = YES_ERROR;
				GCC_WARN_UNDECLARED_SELECTOR = YES;
				GCC_WARN_UNINITIALIZED_AUTOS = YES_AGGRESSIVE;
				GCC_WARN_UNUSED_FUNCTION = YES;
				GCC_WARN_UNUSED_VARIABLE = YES;
				MTL_ENABLE_DEBUG_INFO = NO;
				MTL_FAST_MATH = YES;
				OTHER_SWIFT_FLAGS = "$(inherited) -strict-concurrency=complete -warnings-as-errors";
				PRODUCT_NAME = "$(TARGET_NAME)";
				SDKROOT = macosx;
				SWIFT_COMPILATION_MODE = wholemodule;
				SWIFT_OPTIMIZATION_LEVEL = "-O";
				SWIFT_STRICT_CONCURRENCY = complete;
				SWIFT_STRICT_MEMORY_SAFETY = YES;
				SWIFT_TREAT_WARNINGS_AS_ERRORS = YES;
				SWIFT_VERSION = 6.0;
			};
			name = Release;
		};
		F520B641D96A7D869A42859E /* Debug */ = {
			isa = XCBuildConfiguration;
			buildSettings = {
				ALWAYS_SEARCH_USER_PATHS = NO;
				CLANG_ANALYZER_NONNULL = YES;
				CLANG_ANALYZER_NUMBER_OBJECT_CONVERSION = YES_AGGRESSIVE;
				CLANG_CXX_LANGUAGE_STANDARD = "gnu++14";
				CLANG_CXX_LIBRARY = "libc++";
				CLANG_ENABLE_MODULES = YES;
				CLANG_ENABLE_OBJC_ARC = YES;
				CLANG_ENABLE_OBJC_WEAK = YES;
				CLANG_WARN_BLOCK_CAPTURE_AUTORELEASING = YES;
				CLANG_WARN_BOOL_CONVERSION = YES;
				CLANG_WARN_COMMA = YES;
				CLANG_WARN_CONSTANT_CONVERSION = YES;
				CLANG_WARN_DEPRECATED_OBJC_IMPLEMENTATIONS = YES;
				CLANG_WARN_DIRECT_OBJC_ISA_USAGE = YES_ERROR;
				CLANG_WARN_DOCUMENTATION_COMMENTS = YES;
				CLANG_WARN_EMPTY_BODY = YES;
				CLANG_WARN_ENUM_CONVERSION = YES;
				CLANG_WARN_INFINITE_RECURSION = YES;
				CLANG_WARN_INT_CONVERSION = YES;
				CLANG_WARN_NON_LITERAL_NULL_CONVERSION = YES;
				CLANG_WARN_OBJC_IMPLICIT_RETAIN_SELF = YES;
				CLANG_WARN_OBJC_LITERAL_CONVERSION = YES;
				CLANG_WARN_OBJC_ROOT_CLASS = YES_ERROR;
				CLANG_WARN_QUOTED_INCLUDE_IN_FRAMEWORK_HEADER = YES;
				CLANG_WARN_RANGE_LOOP_ANALYSIS = YES;
				CLANG_WARN_STRICT_PROTOTYPES = YES;
				CLANG_WARN_SUSPICIOUS_MOVE = YES;
				CLANG_WARN_UNGUARDED_AVAILABILITY = YES_AGGRESSIVE;
				CLANG_WARN_UNREACHABLE_CODE = YES;
				CLANG_WARN__DUPLICATE_METHOD_MATCH = YES;
				COPY_PHASE_STRIP = NO;
				DEBUG_INFORMATION_FORMAT = dwarf;
				ENABLE_STRICT_OBJC_MSGSEND = YES;
				ENABLE_TESTABILITY = YES;
				GCC_C_LANGUAGE_STANDARD = gnu11;
				GCC_DYNAMIC_NO_PIC = NO;
				GCC_NO_COMMON_BLOCKS = YES;
				GCC_OPTIMIZATION_LEVEL = 0;
				GCC_PREPROCESSOR_DEFINITIONS = (
					"$(inherited)",
					"DEBUG=1",
				);
				GCC_TREAT_WARNINGS_AS_ERRORS = YES;
				GCC_WARN_64_TO_32_BIT_CONVERSION = YES;
				GCC_WARN_ABOUT_RETURN_TYPE = YES_ERROR;
				GCC_WARN_UNDECLARED_SELECTOR = YES;
				GCC_WARN_UNINITIALIZED_AUTOS = YES_AGGRESSIVE;
				GCC_WARN_UNUSED_FUNCTION = YES;
				GCC_WARN_UNUSED_VARIABLE = YES;
				MTL_ENABLE_DEBUG_INFO = INCLUDE_SOURCE;
				MTL_FAST_MATH = YES;
				ONLY_ACTIVE_ARCH = YES;
				OTHER_SWIFT_FLAGS = "$(inherited) -strict-concurrency=complete -warnings-as-errors";
				PRODUCT_NAME = "$(TARGET_NAME)";
				SDKROOT = macosx;
				SWIFT_ACTIVE_COMPILATION_CONDITIONS = DEBUG;
				SWIFT_OPTIMIZATION_LEVEL = "-Onone";
				SWIFT_STRICT_CONCURRENCY = complete;
				SWIFT_STRICT_MEMORY_SAFETY = YES;
				SWIFT_TREAT_WARNINGS_AS_ERRORS = YES;
				SWIFT_VERSION = 6.0;
			};
			name = Debug;
		};
/* End XCBuildConfiguration section */

/* Begin XCConfigurationList section */
		50DF44832E5BE0C93A4A2CF3 /* Build configuration list for PBXNativeTarget "AutoPresenter" */ = {
			isa = XCConfigurationList;
			buildConfigurations = (
				C330D4B4984C48218E1B105B /* Debug */,
				04A6BFDD1E120F9CE88EEF71 /* Release */,
			);
			defaultConfigurationIsVisible = 0;
			defaultConfigurationName = Debug;
		};
		B7A0BF593C096D2841EC8F26 /* Build configuration list for PBXProject "AutoPresenter" */ = {
			isa = XCConfigurationList;
			buildConfigurations = (
				F520B641D96A7D869A42859E /* Debug */,
				EFDF93E1C25BD3E13DBAC109 /* Release */,
			);
			defaultConfigurationIsVisible = 0;
			defaultConfigurationName = Debug;
		};
/* End XCConfigurationList section */
	};
	rootObject = 869133C3D0FE247CE6DE45CB /* Project object */;
}
